
Microsoft Visual Studio Solution File, Format Version 12.00
# Visual Studio Version 17
VisualStudioVersion = 17.13.35919.96 d17.13
MinimumVisualStudioVersion = 10.0.40219.1
Project("{FAE04EC0-301F-11D3-BF4B-00C04F79EFBC}") = "MedFlix", "MedFlix\MedFlix.csproj", "{8ADABD2D-96B8-4CC6-8FD7-81B31A8525FB}"
EndProject
Global
	GlobalSection(SolutionConfigurationPlatforms) = preSolution
		Debug|Any CPU = Debug|Any CPU
		Release|Any CPU = Release|Any CPU
	EndGlobalSection
	GlobalSection(ProjectConfigurationPlatforms) = postSolution
		{8ADABD2D-96B8-4CC6-8FD7-81B31A8525FB}.Debug|Any CPU.ActiveCfg = Debug|Any CPU
		{8ADABD2D-96B8-4CC6-8FD7-81B31A8525FB}.Debug|Any CPU.Build.0 = Debug|Any CPU
		{8ADABD2D-96B8-4CC6-8FD7-81B31A8525FB}.Release|Any CPU.ActiveCfg = Release|Any CPU
		{8ADABD2D-96B8-4CC6-8FD7-81B31A8525FB}.Release|Any CPU.Build.0 = Release|Any CPU
	EndGlobalSection
	GlobalSection(SolutionProperties) = preSolution
		HideSolutionNode = FALSE
	EndGlobalSection
	GlobalSection(ExtensibilityGlobals) = postSolution
		SolutionGuid = {0815D40B-1D7A-4B18-BF9C-82AFCE46AC7B}
	EndGlobalSection
EndGlobal
